
Microsoft Visual Studio Solution File, Format Version 12.00
# Visual Studio Version 17
VisualStudioVersion = 17.14.36511.14
MinimumVisualStudioVersion = 10.0.40219.1
Project("{FAE04EC0-301F-11D3-BF4B-00C04F79EFBC}") = "INTELIGENTE_SAZÓN", "INTELIGENTE_SAZÓN.csproj", "{8AD5EA25-7682-45E5-BF53-17CA948A88CF}"
EndProject
Global
	GlobalSection(SolutionConfigurationPlatforms) = preSolution
		Debug|Any CPU = Debug|Any CPU
		Release|Any CPU = Release|Any CPU
	EndGlobalSection
	GlobalSection(ProjectConfigurationPlatforms) = postSolution
		{8AD5EA25-7682-45E5-BF53-17CA948A88CF}.Debug|Any CPU.ActiveCfg = Debug|Any CPU
		{8AD5EA25-7682-45E5-BF53-17CA948A88CF}.Debug|Any CPU.Build.0 = Debug|Any CPU
		{8AD5EA25-7682-45E5-BF53-17CA948A88CF}.Release|Any CPU.ActiveCfg = Release|Any CPU
		{8AD5EA25-7682-45E5-BF53-17CA948A88CF}.Release|Any CPU.Build.0 = Release|Any CPU
		{D9AA522A-74A4-4CCD-9747-8B784E864B70}.Debug|Any CPU.ActiveCfg = Debug|Any CPU
		{D9AA522A-74A4-4CCD-9747-8B784E864B70}.Debug|Any CPU.Build.0 = Debug|Any CPU
		{D9AA522A-74A4-4CCD-9747-8B784E864B70}.Release|Any CPU.ActiveCfg = Release|Any CPU
		{D9AA522A-74A4-4CCD-9747-8B784E864B70}.Release|Any CPU.Build.0 = Release|Any CPU
	EndGlobalSection
	GlobalSection(SolutionProperties) = preSolution
		HideSolutionNode = FALSE
	EndGlobalSection
	GlobalSection(ExtensibilityGlobals) = postSolution
		SolutionGuid = {242E4434-262D-424B-9E2B-55D7AC71595A}
	EndGlobalSection
EndGlobal
